// !$*UTF8*$!
{
	archiveVersion = 1;
	classes = {
	};
	objectVersion = 46;
	objects = {

/* Begin PBXBuildFile section */
		ECA533C01A646F8600E84D04 /* AppDelegate.swift in Sources */ = {isa = PBXBuildFile; fileRef = ECA533BF1A646F8600E84D04 /* AppDelegate.swift */; };
		ECA533C21A646F8600E84D04 /* ViewController.swift in Sources */ = {isa = PBXBuildFile; fileRef = ECA533C11A646F8600E84D04 /* ViewController.swift */; };
		ECA533C71A646F8600E84D04 /* Images.xcassets in Resources */ = {isa = PBXBuildFile; fileRef = ECA533C61A646F8600E84D04 /* Images.xcassets */; };
		ECA533CA1A646F8600E84D04 /* LaunchScreen.xib in Resources */ = {isa = PBXBuildFile; fileRef = ECA533C81A646F8600E84D04 /* LaunchScreen.xib */; };
		ECA533D61A646F8600E84D04 /* Filter_The_PhotosTests.swift in Sources */ = {isa = PBXBuildFile; fileRef = ECA533D51A646F8600E84D04 /* Filter_The_PhotosTests.swift */; };
		ECC70C9A1A647FEC007D6706 /* AustinJackson.png in Resources */ = {isa = PBXBuildFile; fileRef = ECC70C991A647FEC007D6706 /* AustinJackson.png */; };
		ECC70C9C1A648A0A007D6706 /* GalleryViewController.swift in Sources */ = {isa = PBXBuildFile; fileRef = ECC70C9B1A648A09007D6706 /* GalleryViewController.swift */; };
		ECC70C9E1A648ECA007D6706 /* GalleryCell.swift in Sources */ = {isa = PBXBuildFile; fileRef = ECC70C9D1A648ECA007D6706 /* GalleryCell.swift */; };
		ECC70CA01A649303007D6706 /* BaseballGrass.jpg in Resources */ = {isa = PBXBuildFile; fileRef = ECC70C9F1A649303007D6706 /* BaseballGrass.jpg */; };
		ECC70CA21A649311007D6706 /* FireImpreza.jpg in Resources */ = {isa = PBXBuildFile; fileRef = ECC70CA11A649311007D6706 /* FireImpreza.jpg */; };
		ECC70CA41A64931B007D6706 /* RoadBackground.jpg in Resources */ = {isa = PBXBuildFile; fileRef = ECC70CA31A64931B007D6706 /* RoadBackground.jpg */; };
		ECC70CA61A649323007D6706 /* TigerPlayers.jpg in Resources */ = {isa = PBXBuildFile; fileRef = ECC70CA51A649323007D6706 /* TigerPlayers.jpg */; };
		ECC70CA81A64932F007D6706 /* SeattleFromSky.jpg in Resources */ = {isa = PBXBuildFile; fileRef = ECC70CA71A64932F007D6706 /* SeattleFromSky.jpg */; };
		ECC70CAA1A64933B007D6706 /* RoadNowhere.jpg in Resources */ = {isa = PBXBuildFile; fileRef = ECC70CA91A64933B007D6706 /* RoadNowhere.jpg */; };
		ECE278281A65C92A0009C0AF /* Thumbnail.swift in Sources */ = {isa = PBXBuildFile; fileRef = ECE278271A65C92A0009C0AF /* Thumbnail.swift */; };
		ECFDD6EC1A6719D70007272B /* PhotosViewController.swift in Sources */ = {isa = PBXBuildFile; fileRef = ECFDD6EB1A6719D70007272B /* PhotosViewController.swift */; };
		ECFF7D7E1A64987E006A8E0B /* MericaVette.jpg in Resources */ = {isa = PBXBuildFile; fileRef = ECFF7D7D1A64987E006A8E0B /* MericaVette.jpg */; };
		ECFF7D841A64A774006A8E0B /* RainbowCam.png in Resources */ = {isa = PBXBuildFile; fileRef = ECFF7D831A64A774006A8E0B /* RainbowCam.png */; };
/* End PBXBuildFile section */

/* Begin PBXContainerItemProxy section */
		ECA533D01A646F8600E84D04 /* PBXContainerItemProxy */ = {
			isa = PBXContainerItemProxy;
			containerPortal = ECA533B21A646F8600E84D04 /* Project object */;
			proxyType = 1;
			remoteGlobalIDString = ECA533B91A646F8600E84D04;
			remoteInfo = Filter_The_Photos;
		};
/* End PBXContainerItemProxy section */

/* Begin PBXFileReference section */
		ECA533BA1A646F8600E84D04 /* Filter_The_Photos.app */ = {isa = PBXFileReference; explicitFileType = wrapper.application; includeInIndex = 0; path = Filter_The_Photos.app; sourceTree = BUILT_PRODUCTS_DIR; };
		ECA533BE1A646F8600E84D04 /* Info.plist */ = {isa = PBXFileReference; lastKnownFileType = text.plist.xml; path = Info.plist; sourceTree = "<group>"; };
		ECA533BF1A646F8600E84D04 /* AppDelegate.swift */ = {isa = PBXFileReference; lastKnownFileType = sourcecode.swift; path = AppDelegate.swift; sourceTree = "<group>"; };
		ECA533C11A646F8600E84D04 /* ViewController.swift */ = {isa = PBXFileReference; lastKnownFileType = sourcecode.swift; path = ViewController.swift; sourceTree = "<group>"; };
		ECA533C61A646F8600E84D04 /* Images.xcassets */ = {isa = PBXFileReference; lastKnownFileType = folder.assetcatalog; path = Images.xcassets; sourceTree = "<group>"; };
		ECA533C91A646F8600E84D04 /* Base */ = {isa = PBXFileReference; lastKnownFileType = file.xib; name = Base; path = Base.lproj/LaunchScreen.xib; sourceTree = "<group>"; };
		ECA533CF1A646F8600E84D04 /* Filter_The_PhotosTests.xctest */ = {isa = PBXFileReference; explicitFileType = wrapper.cfbundle; includeInIndex = 0; path = Filter_The_PhotosTests.xctest; sourceTree = BUILT_PRODUCTS_DIR; };
		ECA533D41A646F8600E84D04 /* Info.plist */ = {isa = PBXFileReference; lastKnownFileType = text.plist.xml; path = Info.plist; sourceTree = "<group>"; };
		ECA533D51A646F8600E84D04 /* Filter_The_PhotosTests.swift */ = {isa = PBXFileReference; lastKnownFileType = sourcecode.swift; path = Filter_The_PhotosTests.swift; sourceTree = "<group>"; };
		ECC70C991A647FEC007D6706 /* AustinJackson.png */ = {isa = PBXFileReference; lastKnownFileType = image.png; path = AustinJackson.png; sourceTree = "<group>"; };
		ECC70C9B1A648A09007D6706 /* GalleryViewController.swift */ = {isa = PBXFileReference; fileEncoding = 4; lastKnownFileType = sourcecode.swift; path = GalleryViewController.swift; sourceTree = "<group>"; };
		ECC70C9D1A648ECA007D6706 /* GalleryCell.swift */ = {isa = PBXFileReference; fileEncoding = 4; lastKnownFileType = sourcecode.swift; path = GalleryCell.swift; sourceTree = "<group>"; };
		ECC70C9F1A649303007D6706 /* BaseballGrass.jpg */ = {isa = PBXFileReference; lastKnownFileType = image.jpeg; path = BaseballGrass.jpg; sourceTree = "<group>"; };
		ECC70CA11A649311007D6706 /* FireImpreza.jpg */ = {isa = PBXFileReference; lastKnownFileType = image.jpeg; path = FireImpreza.jpg; sourceTree = "<group>"; };
		ECC70CA31A64931B007D6706 /* RoadBackground.jpg */ = {isa = PBXFileReference; lastKnownFileType = image.jpeg; path = RoadBackground.jpg; sourceTree = "<group>"; };
		ECC70CA51A649323007D6706 /* TigerPlayers.jpg */ = {isa = PBXFileReference; lastKnownFileType = image.jpeg; path = TigerPlayers.jpg; sourceTree = "<group>"; };
		ECC70CA71A64932F007D6706 /* SeattleFromSky.jpg */ = {isa = PBXFileReference; lastKnownFileType = image.jpeg; path = SeattleFromSky.jpg; sourceTree = "<group>"; };
		ECC70CA91A64933B007D6706 /* RoadNowhere.jpg */ = {isa = PBXFileReference; lastKnownFileType = image.jpeg; path = RoadNowhere.jpg; sourceTree = "<group>"; };
		ECE278271A65C92A0009C0AF /* Thumbnail.swift */ = {isa = PBXFileReference; fileEncoding = 4; lastKnownFileType = sourcecode.swift; path = Thumbnail.swift; sourceTree = "<group>"; };
		ECFDD6EB1A6719D70007272B /* PhotosViewController.swift */ = {isa = PBXFileReference; fileEncoding = 4; lastKnownFileType = sourcecode.swift; path = PhotosViewController.swift; sourceTree = "<group>"; };
		ECFF7D7D1A64987E006A8E0B /* MericaVette.jpg */ = {isa = PBXFileReference; lastKnownFileType = image.jpeg; path = MericaVette.jpg; sourceTree = "<group>"; };
		ECFF7D831A64A774006A8E0B /* RainbowCam.png */ = {isa = PBXFileReference; lastKnownFileType = image.png; path = RainbowCam.png; sourceTree = "<group>"; };
/* End PBXFileReference section */

/* Begin PBXFrameworksBuildPhase section */
		ECA533B71A646F8600E84D04 /* Frameworks */ = {
			isa = PBXFrameworksBuildPhase;
			buildActionMask = 2147483647;
			files = (
			);
			runOnlyForDeploymentPostprocessing = 0;
		};
		ECA533CC1A646F8600E84D04 /* Frameworks */ = {
			isa = PBXFrameworksBuildPhase;
			buildActionMask = 2147483647;
			files = (
			);
			runOnlyForDeploymentPostprocessing = 0;
		};
/* End PBXFrameworksBuildPhase section */

/* Begin PBXGroup section */
		ECA533B11A646F8600E84D04 = {
			isa = PBXGroup;
			children = (
				ECA533BC1A646F8600E84D04 /* Filter_The_Photos */,
				ECA533D21A646F8600E84D04 /* Filter_The_PhotosTests */,
				ECA533BB1A646F8600E84D04 /* Products */,
			);
			sourceTree = "<group>";
		};
		ECA533BB1A646F8600E84D04 /* Products */ = {
			isa = PBXGroup;
			children = (
				ECA533BA1A646F8600E84D04 /* Filter_The_Photos.app */,
				ECA533CF1A646F8600E84D04 /* Filter_The_PhotosTests.xctest */,
			);
			name = Products;
			sourceTree = "<group>";
		};
		ECA533BC1A646F8600E84D04 /* Filter_The_Photos */ = {
			isa = PBXGroup;
			children = (
				ECA533BF1A646F8600E84D04 /* AppDelegate.swift */,
				ECA533C11A646F8600E84D04 /* ViewController.swift */,
				ECC70C9B1A648A09007D6706 /* GalleryViewController.swift */,
				ECFDD6EB1A6719D70007272B /* PhotosViewController.swift */,
				ECE278271A65C92A0009C0AF /* Thumbnail.swift */,
				ECC70C9D1A648ECA007D6706 /* GalleryCell.swift */,
				ECFF7D791A649675006A8E0B /* Pictures */,
				ECA533C61A646F8600E84D04 /* Images.xcassets */,
				ECA533C81A646F8600E84D04 /* LaunchScreen.xib */,
				ECA533BD1A646F8600E84D04 /* Supporting Files */,
			);
			path = Filter_The_Photos;
			sourceTree = "<group>";
		};
		ECA533BD1A646F8600E84D04 /* Supporting Files */ = {
			isa = PBXGroup;
			children = (
				ECA533BE1A646F8600E84D04 /* Info.plist */,
			);
			name = "Supporting Files";
			sourceTree = "<group>";
		};
		ECA533D21A646F8600E84D04 /* Filter_The_PhotosTests */ = {
			isa = PBXGroup;
			children = (
				ECA533D51A646F8600E84D04 /* Filter_The_PhotosTests.swift */,
				ECA533D31A646F8600E84D04 /* Supporting Files */,
			);
			path = Filter_The_PhotosTests;
			sourceTree = "<group>";
		};
		ECA533D31A646F8600E84D04 /* Supporting Files */ = {
			isa = PBXGroup;
			children = (
				ECA533D41A646F8600E84D04 /* Info.plist */,
			);
			name = "Supporting Files";
			sourceTree = "<group>";
		};
		ECFF7D791A649675006A8E0B /* Pictures */ = {
			isa = PBXGroup;
			children = (
				ECC70CA31A64931B007D6706 /* RoadBackground.jpg */,
				ECC70CA71A64932F007D6706 /* SeattleFromSky.jpg */,
				ECC70CA91A64933B007D6706 /* RoadNowhere.jpg */,
				ECC70CA51A649323007D6706 /* TigerPlayers.jpg */,
				ECC70C9F1A649303007D6706 /* BaseballGrass.jpg */,
				ECC70CA11A649311007D6706 /* FireImpreza.jpg */,
				ECFF7D7D1A64987E006A8E0B /* MericaVette.jpg */,
				ECC70C991A647FEC007D6706 /* AustinJackson.png */,
				ECFF7D831A64A774006A8E0B /* RainbowCam.png */,
			);
			name = Pictures;
			sourceTree = "<group>";
		};
/* End PBXGroup section */

/* Begin PBXNativeTarget section */
		ECA533B91A646F8600E84D04 /* Filter_The_Photos */ = {
			isa = PBXNativeTarget;
			buildConfigurationList = ECA533D91A646F8600E84D04 /* Build configuration list for PBXNativeTarget "Filter_The_Photos" */;
			buildPhases = (
				ECA533B61A646F8600E84D04 /* Sources */,
				ECA533B71A646F8600E84D04 /* Frameworks */,
				ECA533B81A646F8600E84D04 /* Resources */,
			);
			buildRules = (
			);
			dependencies = (
			);
			name = Filter_The_Photos;
			productName = Filter_The_Photos;
			productReference = ECA533BA1A646F8600E84D04 /* Filter_The_Photos.app */;
			productType = "com.apple.product-type.application";
		};
		ECA533CE1A646F8600E84D04 /* Filter_The_PhotosTests */ = {
			isa = PBXNativeTarget;
			buildConfigurationList = ECA533DC1A646F8600E84D04 /* Build configuration list for PBXNativeTarget "Filter_The_PhotosTests" */;
			buildPhases = (
				ECA533CB1A646F8600E84D04 /* Sources */,
				ECA533CC1A646F8600E84D04 /* Frameworks */,
				ECA533CD1A646F8600E84D04 /* Resources */,
			);
			buildRules = (
			);
			dependencies = (
				ECA533D11A646F8600E84D04 /* PBXTargetDependency */,
			);
			name = Filter_The_PhotosTests;
			productName = Filter_The_PhotosTests;
			productReference = ECA533CF1A646F8600E84D04 /* Filter_The_PhotosTests.xctest */;
			productType = "com.apple.product-type.bundle.unit-test";
		};
/* End PBXNativeTarget section */

/* Begin PBXProject section */
		ECA533B21A646F8600E84D04 /* Project object */ = {
			isa = PBXProject;
			attributes = {
				LastUpgradeCheck = 0610;
				ORGANIZATIONNAME = "Patrick Landin";
				TargetAttributes = {
					ECA533B91A646F8600E84D04 = {
						CreatedOnToolsVersion = 6.1.1;
					};
					ECA533CE1A646F8600E84D04 = {
						CreatedOnToolsVersion = 6.1.1;
						TestTargetID = ECA533B91A646F8600E84D04;
					};
				};
			};
			buildConfigurationList = ECA533B51A646F8600E84D04 /* Build configuration list for PBXProject "Filter_The_Photos" */;
			compatibilityVersion = "Xcode 3.2";
			developmentRegion = English;
			hasScannedForEncodings = 0;
			knownRegions = (
				en,
				Base,
			);
			mainGroup = ECA533B11A646F8600E84D04;
			productRefGroup = ECA533BB1A646F8600E84D04 /* Products */;
			projectDirPath = "";
			projectRoot = "";
			targets = (
				ECA533B91A646F8600E84D04 /* Filter_The_Photos */,
				ECA533CE1A646F8600E84D04 /* Filter_The_PhotosTests */,
			);
		};
/* End PBXProject section */

/* Begin PBXResourcesBuildPhase section */
		ECA533B81A646F8600E84D04 /* Resources */ = {
			isa = PBXResourcesBuildPhase;
			buildActionMask = 2147483647;
			files = (
				ECA533CA1A646F8600E84D04 /* LaunchScreen.xib in Resources */,
				ECC70CA61A649323007D6706 /* TigerPlayers.jpg in Resources */,
				ECA533C71A646F8600E84D04 /* Images.xcassets in Resources */,
				ECFF7D7E1A64987E006A8E0B /* MericaVette.jpg in Resources */,
				ECFF7D841A64A774006A8E0B /* RainbowCam.png in Resources */,
				ECC70CA01A649303007D6706 /* BaseballGrass.jpg in Resources */,
				ECC70CA41A64931B007D6706 /* RoadBackground.jpg in Resources */,
				ECC70CA81A64932F007D6706 /* SeattleFromSky.jpg in Resources */,
				ECC70C9A1A647FEC007D6706 /* AustinJackson.png in Resources */,
				ECC70CAA1A64933B007D6706 /* RoadNowhere.jpg in Resources */,
				ECC70CA21A649311007D6706 /* FireImpreza.jpg in Resources */,
			);
			runOnlyForDeploymentPostprocessing = 0;
		};
		ECA533CD1A646F8600E84D04 /* Resources */ = {
			isa = PBXResourcesBuildPhase;
			buildActionMask = 2147483647;
			files = (
			);
			runOnlyForDeploymentPostprocessing = 0;
		};
/* End PBXResourcesBuildPhase section */

/* Begin PBXSourcesBuildPhase section */
		ECA533B61A646F8600E84D04 /* Sources */ = {
			isa = PBXSourcesBuildPhase;
			buildActionMask = 2147483647;
			files = (
				ECC70C9E1A648ECA007D6706 /* GalleryCell.swift in Sources */,
				ECC70C9C1A648A0A007D6706 /* GalleryViewController.swift in Sources */,
				ECA533C21A646F8600E84D04 /* ViewController.swift in Sources */,
				ECFDD6EC1A6719D70007272B /* PhotosViewController.swift in Sources */,
				ECE278281A65C92A0009C0AF /* Thumbnail.swift in Sources */,
				ECA533C01A646F8600E84D04 /* AppDelegate.swift in Sources */,
			);
			runOnlyForDeploymentPostprocessing = 0;
		};
		ECA533CB1A646F8600E84D04 /* Sources */ = {
			isa = PBXSourcesBuildPhase;
			buildActionMask = 2147483647;
			files = (
				ECA533D61A646F8600E84D04 /* Filter_The_PhotosTests.swift in Sources */,
			);
			runOnlyForDeploymentPostprocessing = 0;
		};
/* End PBXSourcesBuildPhase section */

/* Begin PBXTargetDependency section */
		ECA533D11A646F8600E84D04 /* PBXTargetDependency */ = {
			isa = PBXTargetDependency;
			target = ECA533B91A646F8600E84D04 /* Filter_The_Photos */;
			targetProxy = ECA533D01A646F8600E84D04 /* PBXContainerItemProxy */;
		};
/* End PBXTargetDependency section */

/* Begin PBXVariantGroup section */
		ECA533C81A646F8600E84D04 /* LaunchScreen.xib */ = {
			isa = PBXVariantGroup;
			children = (
				ECA533C91A646F8600E84D04 /* Base */,
			);
			name = LaunchScreen.xib;
			sourceTree = "<group>";
		};
/* End PBXVariantGroup section */

/* Begin XCBuildConfiguration section */
		ECA533D71A646F8600E84D04 /* Debug */ = {
			isa = XCBuildConfiguration;
			buildSettings = {
				ALWAYS_SEARCH_USER_PATHS = NO;
				CLANG_CXX_LANGUAGE_STANDARD = "gnu++0x";
				CLANG_CXX_LIBRARY = "libc++";
				CLANG_ENABLE_MODULES = YES;
				CLANG_ENABLE_OBJC_ARC = YES;
				CLANG_WARN_BOOL_CONVERSION = YES;
				CLANG_WARN_CONSTANT_CONVERSION = YES;
				CLANG_WARN_DIRECT_OBJC_ISA_USAGE = YES_ERROR;
				CLANG_WARN_EMPTY_BODY = YES;
				CLANG_WARN_ENUM_CONVERSION = YES;
				CLANG_WARN_INT_CONVERSION = YES;
				CLANG_WARN_OBJC_ROOT_CLASS = YES_ERROR;
				CLANG_WARN_UNREACHABLE_CODE = YES;
				CLANG_WARN__DUPLICATE_METHOD_MATCH = YES;
				"CODE_SIGN_IDENTITY[sdk=iphoneos*]" = "iPhone Developer";
				COPY_PHASE_STRIP = NO;
				ENABLE_STRICT_OBJC_MSGSEND = YES;
				GCC_C_LANGUAGE_STANDARD = gnu99;
				GCC_DYNAMIC_NO_PIC = NO;
				GCC_OPTIMIZATION_LEVEL = 0;
				GCC_PREPROCESSOR_DEFINITIONS = (
					"DEBUG=1",
					"$(inherited)",
				);
				GCC_SYMBOLS_PRIVATE_EXTERN = NO;
				GCC_WARN_64_TO_32_BIT_CONVERSION = YES;
				GCC_WARN_ABOUT_RETURN_TYPE = YES_ERROR;
				GCC_WARN_UNDECLARED_SELECTOR = YES;
				GCC_WARN_UNINITIALIZED_AUTOS = YES_AGGRESSIVE;
				GCC_WARN_UNUSED_FUNCTION = YES;
				GCC_WARN_UNUSED_VARIABLE = YES;
				IPHONEOS_DEPLOYMENT_TARGET = 8.1;
				MTL_ENABLE_DEBUG_INFO = YES;
				ONLY_ACTIVE_ARCH = YES;
				SDKROOT = iphoneos;
				SWIFT_OPTIMIZATION_LEVEL = "-Onone";
				TARGETED_DEVICE_FAMILY = "1,2";
			};
			name = Debug;
		};
		ECA533D81A646F8600E84D04 /* Release */ = {
			isa = XCBuildConfiguration;
			buildSettings = {
				ALWAYS_SEARCH_USER_PATHS = NO;
				CLANG_CXX_LANGUAGE_STANDARD = "gnu++0x";
				CLANG_CXX_LIBRARY = "libc++";
				CLANG_ENABLE_MODULES = YES;
				CLANG_ENABLE_OBJC_ARC = YES;
				CLANG_WARN_BOOL_CONVERSION = YES;
				CLANG_WARN_CONSTANT_CONVERSION = YES;
				CLANG_WARN_DIRECT_OBJC_ISA_USAGE = YES_ERROR;
				CLANG_WARN_EMPTY_BODY = YES;
				CLANG_WARN_ENUM_CONVERSION = YES;
				CLANG_WARN_INT_CONVERSION = YES;
				CLANG_WARN_OBJC_ROOT_CLASS = YES_ERROR;
				CLANG_WARN_UNREACHABLE_CODE = YES;
				CLANG_WARN__DUPLICATE_METHOD_MATCH = YES;
				"CODE_SIGN_IDENTITY[sdk=iphoneos*]" = "iPhone Developer";
				COPY_PHASE_STRIP = YES;
				ENABLE_NS_ASSERTIONS = NO;
				ENABLE_STRICT_OBJC_MSGSEND = YES;
				GCC_C_LANGUAGE_STANDARD = gnu99;
				GCC_WARN_64_TO_32_BIT_CONVERSION = YES;
				GCC_WARN_ABOUT_RETURN_TYPE = YES_ERROR;
				GCC_WARN_UNDECLARED_SELECTOR = YES;
				GCC_WARN_UNINITIALIZED_AUTOS = YES_AGGRESSIVE;
				GCC_WARN_UNUSED_FUNCTION = YES;
				GCC_WARN_UNUSED_VARIABLE = YES;
				IPHONEOS_DEPLOYMENT_TARGET = 8.1;
				MTL_ENABLE_DEBUG_INFO = NO;
				SDKROOT = iphoneos;
				TARGETED_DEVICE_FAMILY = "1,2";
				VALIDATE_PRODUCT = YES;
			};
			name = Release;
		};
		ECA533DA1A646F8600E84D04 /* Debug */ = {
			isa = XCBuildConfiguration;
			buildSettings = {
				ASSETCATALOG_COMPILER_APPICON_NAME = AppIcon;
				INFOPLIST_FILE = Filter_The_Photos/Info.plist;
				LD_RUNPATH_SEARCH_PATHS = "$(inherited) @executable_path/Frameworks";
				PRODUCT_NAME = "$(TARGET_NAME)";
			};
			name = Debug;
		};
		ECA533DB1A646F8600E84D04 /* Release */ = {
			isa = XCBuildConfiguration;
			buildSettings = {
				ASSETCATALOG_COMPILER_APPICON_NAME = AppIcon;
				INFOPLIST_FILE = Filter_The_Photos/Info.plist;
				LD_RUNPATH_SEARCH_PATHS = "$(inherited) @executable_path/Frameworks";
				PRODUCT_NAME = "$(TARGET_NAME)";
			};
			name = Release;
		};
		ECA533DD1A646F8600E84D04 /* Debug */ = {
			isa = XCBuildConfiguration;
			buildSettings = {
				BUNDLE_LOADER = "$(TEST_HOST)";
				FRAMEWORK_SEARCH_PATHS = (
					"$(SDKROOT)/Developer/Library/Frameworks",
					"$(inherited)",
				);
				GCC_PREPROCESSOR_DEFINITIONS = (
					"DEBUG=1",
					"$(inherited)",
				);
				INFOPLIST_FILE = Filter_The_PhotosTests/Info.plist;
				LD_RUNPATH_SEARCH_PATHS = "$(inherited) @executable_path/Frameworks @loader_path/Frameworks";
				PRODUCT_NAME = "$(TARGET_NAME)";
				TEST_HOST = "$(BUILT_PRODUCTS_DIR)/Filter_The_Photos.app/Filter_The_Photos";
			};
			name = Debug;
		};
		ECA533DE1A646F8600E84D04 /* Release */ = {
			isa = XCBuildConfiguration;
			buildSettings = {
				BUNDLE_LOADER = "$(TEST_HOST)";
				FRAMEWORK_SEARCH_PATHS = (
					"$(SDKROOT)/Developer/Library/Frameworks",
					"$(inherited)",
				);
				INFOPLIST_FILE = Filter_The_PhotosTests/Info.plist;
				LD_RUNPATH_SEARCH_PATHS = "$(inherited) @executable_path/Frameworks @loader_path/Frameworks";
				PRODUCT_NAME = "$(TARGET_NAME)";
				TEST_HOST = "$(BUILT_PRODUCTS_DIR)/Filter_The_Photos.app/Filter_The_Photos";
			};
			name = Release;
		};
/* End XCBuildConfiguration section */

/* Begin XCConfigurationList section */
		ECA533B51A646F8600E84D04 /* Build configuration list for PBXProject "Filter_The_Photos" */ = {
			isa = XCConfigurationList;
			buildConfigurations = (
				ECA533D71A646F8600E84D04 /* Debug */,
				ECA533D81A646F8600E84D04 /* Release */,
			);
			defaultConfigurationIsVisible = 0;
			defaultConfigurationName = Release;
		};
		ECA533D91A646F8600E84D04 /* Build configuration list for PBXNativeTarget "Filter_The_Photos" */ = {
			isa = XCConfigurationList;
			buildConfigurations = (
				ECA533DA1A646F8600E84D04 /* Debug */,
				ECA533DB1A646F8600E84D04 /* Release */,
			);
			defaultConfigurationIsVisible = 0;
			defaultConfigurationName = Release;
		};
		ECA533DC1A646F8600E84D04 /* Build configuration list for PBXNativeTarget "Filter_The_PhotosTests" */ = {
			isa = XCConfigurationList;
			buildConfigurations = (
				ECA533DD1A646F8600E84D04 /* Debug */,
				ECA533DE1A646F8600E84D04 /* Release */,
			);
			defaultConfigurationIsVisible = 0;
			defaultConfigurationName = Release;
		};
/* End XCConfigurationList section */
	};
	rootObject = ECA533B21A646F8600E84D04 /* Project object */;
}
